
Microsoft Visual Studio Solution File, Format Version 12.00
# Visual Studio Version 16
VisualStudioVersion = 16.0.30204.135
MinimumVisualStudioVersion = 10.0.40219.1
Project("{FAE04EC0-301F-11D3-BF4B-00C04F79EFBC}") = "Daily_Report", "Daily_Report.csproj", "{C17C882D-1666-48E9-B71E-F3BFBB8972B5}"
EndProject
Global
	GlobalSection(SolutionConfigurationPlatforms) = preSolution
		Debug|Any CPU = Debug|Any CPU
		Release|Any CPU = Release|Any CPU
	EndGlobalSection
	GlobalSection(ProjectConfigurationPlatforms) = postSolution
		{C17C882D-1666-48E9-B71E-F3BFBB8972B5}.Debug|Any CPU.ActiveCfg = Debug|Any CPU
		{C17C882D-1666-48E9-B71E-F3BFBB8972B5}.Debug|Any CPU.Build.0 = Debug|Any CPU
		{C17C882D-1666-48E9-B71E-F3BFBB8972B5}.Release|Any CPU.ActiveCfg = Release|Any CPU
		{C17C882D-1666-48E9-B71E-F3BFBB8972B5}.Release|Any CPU.Build.0 = Release|Any CPU
	EndGlobalSection
	GlobalSection(SolutionProperties) = preSolution
		HideSolutionNode = FALSE
	EndGlobalSection
	GlobalSection(ExtensibilityGlobals) = postSolution
		SolutionGuid = {05976E12-C4EF-430F-9117-30BC497780FC}
	EndGlobalSection
EndGlobal
