
Microsoft Visual Studio Solution File, Format Version 12.00
# Visual Studio Version 16
VisualStudioVersion = 16.0.30204.135
MinimumVisualStudioVersion = 10.0.40219.1
Project("{FAE04EC0-301F-11D3-BF4B-00C04F79EFBC}") = "Acme_Accounting", "Acme_Accounting.csproj", "{375F52A4-7F9B-4A0C-90E9-C7C456630B53}"
EndProject
Global
	GlobalSection(SolutionConfigurationPlatforms) = preSolution
		Debug|Any CPU = Debug|Any CPU
		Release|Any CPU = Release|Any CPU
	EndGlobalSection
	GlobalSection(ProjectConfigurationPlatforms) = postSolution
		{375F52A4-7F9B-4A0C-90E9-C7C456630B53}.Debug|Any CPU.ActiveCfg = Debug|Any CPU
		{375F52A4-7F9B-4A0C-90E9-C7C456630B53}.Debug|Any CPU.Build.0 = Debug|Any CPU
		{375F52A4-7F9B-4A0C-90E9-C7C456630B53}.Release|Any CPU.ActiveCfg = Release|Any CPU
		{375F52A4-7F9B-4A0C-90E9-C7C456630B53}.Release|Any CPU.Build.0 = Release|Any CPU
	EndGlobalSection
	GlobalSection(SolutionProperties) = preSolution
		HideSolutionNode = FALSE
	EndGlobalSection
	GlobalSection(ExtensibilityGlobals) = postSolution
		SolutionGuid = {2AF8E697-94C9-4058-A87E-94177154DB7A}
	EndGlobalSection
EndGlobal
