
Microsoft Visual Studio Solution File, Format Version 12.00
# Visual Studio Version 16
VisualStudioVersion = 16.0.30204.135
MinimumVisualStudioVersion = 10.0.40219.1
Project("{FAE04EC0-301F-11D3-BF4B-00C04F79EFBC}") = "Math_Operations", "Math_Operations.csproj", "{AEAF799E-21FA-4518-8503-1FBAE49AE31A}"
EndProject
Global
	GlobalSection(SolutionConfigurationPlatforms) = preSolution
		Debug|Any CPU = Debug|Any CPU
		Release|Any CPU = Release|Any CPU
	EndGlobalSection
	GlobalSection(ProjectConfigurationPlatforms) = postSolution
		{AEAF799E-21FA-4518-8503-1FBAE49AE31A}.Debug|Any CPU.ActiveCfg = Debug|Any CPU
		{AEAF799E-21FA-4518-8503-1FBAE49AE31A}.Debug|Any CPU.Build.0 = Debug|Any CPU
		{AEAF799E-21FA-4518-8503-1FBAE49AE31A}.Release|Any CPU.ActiveCfg = Release|Any CPU
		{AEAF799E-21FA-4518-8503-1FBAE49AE31A}.Release|Any CPU.Build.0 = Release|Any CPU
	EndGlobalSection
	GlobalSection(SolutionProperties) = preSolution
		HideSolutionNode = FALSE
	EndGlobalSection
	GlobalSection(ExtensibilityGlobals) = postSolution
		SolutionGuid = {58886129-AAF6-4D37-A3C7-4598D2DFF890}
	EndGlobalSection
EndGlobal
