
Microsoft Visual Studio Solution File, Format Version 12.00
# Visual Studio Version 16
VisualStudioVersion = 16.0.30204.135
MinimumVisualStudioVersion = 10.0.40219.1
Project("{FAE04EC0-301F-11D3-BF4B-00C04F79EFBC}") = "CarInsurance", "CarInsurance.csproj", "{3B8241C3-2D01-4F81-AD42-D17ED59432AA}"
EndProject
Global
	GlobalSection(SolutionConfigurationPlatforms) = preSolution
		Debug|Any CPU = Debug|Any CPU
		Release|Any CPU = Release|Any CPU
	EndGlobalSection
	GlobalSection(ProjectConfigurationPlatforms) = postSolution
		{3B8241C3-2D01-4F81-AD42-D17ED59432AA}.Debug|Any CPU.ActiveCfg = Debug|Any CPU
		{3B8241C3-2D01-4F81-AD42-D17ED59432AA}.Debug|Any CPU.Build.0 = Debug|Any CPU
		{3B8241C3-2D01-4F81-AD42-D17ED59432AA}.Release|Any CPU.ActiveCfg = Release|Any CPU
		{3B8241C3-2D01-4F81-AD42-D17ED59432AA}.Release|Any CPU.Build.0 = Release|Any CPU
	EndGlobalSection
	GlobalSection(SolutionProperties) = preSolution
		HideSolutionNode = FALSE
	EndGlobalSection
	GlobalSection(ExtensibilityGlobals) = postSolution
		SolutionGuid = {E5589703-33C1-4E93-9D1E-BC21204F8183}
	EndGlobalSection
EndGlobal
