
Microsoft Visual Studio Solution File, Format Version 12.00
# Visual Studio Version 16
VisualStudioVersion = 16.0.30204.135
MinimumVisualStudioVersion = 10.0.40219.1
Project("{FAE04EC0-301F-11D3-BF4B-00C04F79EFBC}") = "Branching", "Branching.csproj", "{DFD6AC50-A982-499C-A520-DCE7A530B010}"
EndProject
Global
	GlobalSection(SolutionConfigurationPlatforms) = preSolution
		Debug|Any CPU = Debug|Any CPU
		Release|Any CPU = Release|Any CPU
	EndGlobalSection
	GlobalSection(ProjectConfigurationPlatforms) = postSolution
		{DFD6AC50-A982-499C-A520-DCE7A530B010}.Debug|Any CPU.ActiveCfg = Debug|Any CPU
		{DFD6AC50-A982-499C-A520-DCE7A530B010}.Debug|Any CPU.Build.0 = Debug|Any CPU
		{DFD6AC50-A982-499C-A520-DCE7A530B010}.Release|Any CPU.ActiveCfg = Release|Any CPU
		{DFD6AC50-A982-499C-A520-DCE7A530B010}.Release|Any CPU.Build.0 = Release|Any CPU
	EndGlobalSection
	GlobalSection(SolutionProperties) = preSolution
		HideSolutionNode = FALSE
	EndGlobalSection
	GlobalSection(ExtensibilityGlobals) = postSolution
		SolutionGuid = {825FC43A-B2F4-4D5B-A42F-897499C0D68D}
	EndGlobalSection
EndGlobal
