
Microsoft Visual Studio Solution File, Format Version 12.00
# Visual Studio Version 16
VisualStudioVersion = 16.0.30204.135
MinimumVisualStudioVersion = 10.0.40219.1
Project("{FAE04EC0-301F-11D3-BF4B-00C04F79EFBC}") = "Enum_Demo", "Enum_Demo.csproj", "{4928FBC4-EFE6-46BD-9881-A321D6A5FB87}"
EndProject
Global
	GlobalSection(SolutionConfigurationPlatforms) = preSolution
		Debug|Any CPU = Debug|Any CPU
		Release|Any CPU = Release|Any CPU
	EndGlobalSection
	GlobalSection(ProjectConfigurationPlatforms) = postSolution
		{4928FBC4-EFE6-46BD-9881-A321D6A5FB87}.Debug|Any CPU.ActiveCfg = Debug|Any CPU
		{4928FBC4-EFE6-46BD-9881-A321D6A5FB87}.Debug|Any CPU.Build.0 = Debug|Any CPU
		{4928FBC4-EFE6-46BD-9881-A321D6A5FB87}.Release|Any CPU.ActiveCfg = Release|Any CPU
		{4928FBC4-EFE6-46BD-9881-A321D6A5FB87}.Release|Any CPU.Build.0 = Release|Any CPU
	EndGlobalSection
	GlobalSection(SolutionProperties) = preSolution
		HideSolutionNode = FALSE
	EndGlobalSection
	GlobalSection(ExtensibilityGlobals) = postSolution
		SolutionGuid = {A63C7124-E06C-4F01-AF26-BEC3175C25B4}
	EndGlobalSection
EndGlobal
