
Microsoft Visual Studio Solution File, Format Version 12.00
# Visual Studio Version 16
VisualStudioVersion = 16.0.30204.135
MinimumVisualStudioVersion = 10.0.40219.1
Project("{FAE04EC0-301F-11D3-BF4B-00C04F79EFBC}") = "String_Functions", "String_Functions.csproj", "{B098636F-71A2-4B2B-8B3B-056F7FAC97B6}"
EndProject
Global
	GlobalSection(SolutionConfigurationPlatforms) = preSolution
		Debug|Any CPU = Debug|Any CPU
		Release|Any CPU = Release|Any CPU
	EndGlobalSection
	GlobalSection(ProjectConfigurationPlatforms) = postSolution
		{B098636F-71A2-4B2B-8B3B-056F7FAC97B6}.Debug|Any CPU.ActiveCfg = Debug|Any CPU
		{B098636F-71A2-4B2B-8B3B-056F7FAC97B6}.Debug|Any CPU.Build.0 = Debug|Any CPU
		{B098636F-71A2-4B2B-8B3B-056F7FAC97B6}.Release|Any CPU.ActiveCfg = Release|Any CPU
		{B098636F-71A2-4B2B-8B3B-056F7FAC97B6}.Release|Any CPU.Build.0 = Release|Any CPU
	EndGlobalSection
	GlobalSection(SolutionProperties) = preSolution
		HideSolutionNode = FALSE
	EndGlobalSection
	GlobalSection(ExtensibilityGlobals) = postSolution
		SolutionGuid = {0E8C9CEB-54B9-4659-89F5-93151F9DFC16}
	EndGlobalSection
EndGlobal
